
Microsoft Visual Studio Solution File, Format Version 12.00
# Visual Studio 15
VisualStudioVersion = 15.0.27428.2043
MinimumVisualStudioVersion = 10.0.40219.1
Project("{FAE04EC0-301F-11D3-BF4B-00C04F79EFBC}") = "FootballPrime_Website", "FootballPrime_Website\FootballPrime_Website.csproj", "{2ADEDE1C-8589-423D-B3AE-EDA31FE2EEDB}"
EndProject
Global
	GlobalSection(SolutionConfigurationPlatforms) = preSolution
		Debug|Any CPU = Debug|Any CPU
		Release|Any CPU = Release|Any CPU
	EndGlobalSection
	GlobalSection(ProjectConfigurationPlatforms) = postSolution
		{2ADEDE1C-8589-423D-B3AE-EDA31FE2EEDB}.Debug|Any CPU.ActiveCfg = Debug|Any CPU
		{2ADEDE1C-8589-423D-B3AE-EDA31FE2EEDB}.Debug|Any CPU.Build.0 = Debug|Any CPU
		{2ADEDE1C-8589-423D-B3AE-EDA31FE2EEDB}.Release|Any CPU.ActiveCfg = Release|Any CPU
		{2ADEDE1C-8589-423D-B3AE-EDA31FE2EEDB}.Release|Any CPU.Build.0 = Release|Any CPU
	EndGlobalSection
	GlobalSection(SolutionProperties) = preSolution
		HideSolutionNode = FALSE
	EndGlobalSection
	GlobalSection(ExtensibilityGlobals) = postSolution
		SolutionGuid = {E0B3C43D-1ED2-4E94-AD55-C61E1E073894}
	EndGlobalSection
EndGlobal
